// !$*UTF8*$!
{
	archiveVersion = 1;
	classes = {
	};
	objectVersion = 46;
	objects = {

/* Begin PBXBuildFile section */
		F4B45C891C214ED800D7FBC3 /* AppDelegate.swift in Sources */ = {isa = PBXBuildFile; fileRef = F4B45C881C214ED800D7FBC3 /* AppDelegate.swift */; };
		F4B45C8B1C214ED800D7FBC3 /* ViewController.swift in Sources */ = {isa = PBXBuildFile; fileRef = F4B45C8A1C214ED800D7FBC3 /* ViewController.swift */; };
		F4B45C8E1C214ED800D7FBC3 /* Main.storyboard in Resources */ = {isa = PBXBuildFile; fileRef = F4B45C8C1C214ED800D7FBC3 /* Main.storyboard */; };
		F4B45C901C214ED900D7FBC3 /* Assets.xcassets in Resources */ = {isa = PBXBuildFile; fileRef = F4B45C8F1C214ED900D7FBC3 /* Assets.xcassets */; };
		F4B45C931C214ED900D7FBC3 /* LaunchScreen.storyboard in Resources */ = {isa = PBXBuildFile; fileRef = F4B45C911C214ED900D7FBC3 /* LaunchScreen.storyboard */; };
		F4B45C9E1C214ED900D7FBC3 /* ClassExTests.swift in Sources */ = {isa = PBXBuildFile; fileRef = F4B45C9D1C214ED900D7FBC3 /* ClassExTests.swift */; };
		F4B45CA91C214ED900D7FBC3 /* ClassExUITests.swift in Sources */ = {isa = PBXBuildFile; fileRef = F4B45CA81C214ED900D7FBC3 /* ClassExUITests.swift */; };
/* End PBXBuildFile section */

/* Begin PBXContainerItemProxy section */
		F4B45C9A1C214ED900D7FBC3 /* PBXContainerItemProxy */ = {
			isa = PBXContainerItemProxy;
			containerPortal = F4B45C7D1C214ED800D7FBC3 /* Project object */;
			proxyType = 1;
			remoteGlobalIDString = F4B45C841C214ED800D7FBC3;
			remoteInfo = ClassEx;
		};
		F4B45CA51C214ED900D7FBC3 /* PBXContainerItemProxy */ = {
			isa = PBXContainerItemProxy;
			containerPortal = F4B45C7D1C214ED800D7FBC3 /* Project object */;
			proxyType = 1;
			remoteGlobalIDString = F4B45C841C214ED800D7FBC3;
			remoteInfo = ClassEx;
		};
/* End PBXContainerItemProxy section */

/* Begin PBXFileReference section */
		F4B45C851C214ED800D7FBC3 /* ClassEx.app */ = {isa = PBXFileReference; explicitFileType = wrapper.application; includeInIndex = 0; path = ClassEx.app; sourceTree = BUILT_PRODUCTS_DIR; };
		F4B45C881C214ED800D7FBC3 /* AppDelegate.swift */ = {isa = PBXFileReference; lastKnownFileType = sourcecode.swift; path = AppDelegate.swift; sourceTree = "<group>"; };
		F4B45C8A1C214ED800D7FBC3 /* ViewController.swift */ = {isa = PBXFileReference; lastKnownFileType = sourcecode.swift; path = ViewController.swift; sourceTree = "<group>"; };
		F4B45C8D1C214ED800D7FBC3 /* Base */ = {isa = PBXFileReference; lastKnownFileType = file.storyboard; name = Base; path = Base.lproj/Main.storyboard; sourceTree = "<group>"; };
		F4B45C8F1C214ED900D7FBC3 /* Assets.xcassets */ = {isa = PBXFileReference; lastKnownFileType = folder.assetcatalog; path = Assets.xcassets; sourceTree = "<group>"; };
		F4B45C921C214ED900D7FBC3 /* Base */ = {isa = PBXFileReference; lastKnownFileType = file.storyboard; name = Base; path = Base.lproj/LaunchScreen.storyboard; sourceTree = "<group>"; };
		F4B45C941C214ED900D7FBC3 /* Info.plist */ = {isa = PBXFileReference; lastKnownFileType = text.plist.xml; path = Info.plist; sourceTree = "<group>"; };
		F4B45C991C214ED900D7FBC3 /* ClassExTests.xctest */ = {isa = PBXFileReference; explicitFileType = wrapper.cfbundle; includeInIndex = 0; path = ClassExTests.xctest; sourceTree = BUILT_PRODUCTS_DIR; };
		F4B45C9D1C214ED900D7FBC3 /* ClassExTests.swift */ = {isa = PBXFileReference; lastKnownFileType = sourcecode.swift; path = ClassExTests.swift; sourceTree = "<group>"; };
		F4B45C9F1C214ED900D7FBC3 /* Info.plist */ = {isa = PBXFileReference; lastKnownFileType = text.plist.xml; path = Info.plist; sourceTree = "<group>"; };
		F4B45CA41C214ED900D7FBC3 /* ClassExUITests.xctest */ = {isa = PBXFileReference; explicitFileType = wrapper.cfbundle; includeInIndex = 0; path = ClassExUITests.xctest; sourceTree = BUILT_PRODUCTS_DIR; };
		F4B45CA81C214ED900D7FBC3 /* ClassExUITests.swift */ = {isa = PBXFileReference; lastKnownFileType = sourcecode.swift; path = ClassExUITests.swift; sourceTree = "<group>"; };
		F4B45CAA1C214ED900D7FBC3 /* Info.plist */ = {isa = PBXFileReference; lastKnownFileType = text.plist.xml; path = Info.plist; sourceTree = "<group>"; };
/* End PBXFileReference section */

/* Begin PBXFrameworksBuildPhase section */
		F4B45C821C214ED800D7FBC3 /* Frameworks */ = {
			isa = PBXFrameworksBuildPhase;
			buildActionMask = 2147483647;
			files = (
			);
			runOnlyForDeploymentPostprocessing = 0;
		};
		F4B45C961C214ED900D7FBC3 /* Frameworks */ = {
			isa = PBXFrameworksBuildPhase;
			buildActionMask = 2147483647;
			files = (
			);
			runOnlyForDeploymentPostprocessing = 0;
		};
		F4B45CA11C214ED900D7FBC3 /* Frameworks */ = {
			isa = PBXFrameworksBuildPhase;
			buildActionMask = 2147483647;
			files = (
			);
			runOnlyForDeploymentPostprocessing = 0;
		};
/* End PBXFrameworksBuildPhase section */

/* Begin PBXGroup section */
		F4B45C7C1C214ED800D7FBC3 = {
			isa = PBXGroup;
			children = (
				F4B45C871C214ED800D7FBC3 /* ClassEx */,
				F4B45C9C1C214ED900D7FBC3 /* ClassExTests */,
				F4B45CA71C214ED900D7FBC3 /* ClassExUITests */,
				F4B45C861C214ED800D7FBC3 /* Products */,
			);
			sourceTree = "<group>";
		};
		F4B45C861C214ED800D7FBC3 /* Products */ = {
			isa = PBXGroup;
			children = (
				F4B45C851C214ED800D7FBC3 /* ClassEx.app */,
				F4B45C991C214ED900D7FBC3 /* ClassExTests.xctest */,
				F4B45CA41C214ED900D7FBC3 /* ClassExUITests.xctest */,
			);
			name = Products;
			sourceTree = "<group>";
		};
		F4B45C871C214ED800D7FBC3 /* ClassEx */ = {
			isa = PBXGroup;
			children = (
				F4B45C881C214ED800D7FBC3 /* AppDelegate.swift */,
				F4B45C8A1C214ED800D7FBC3 /* ViewController.swift */,
				F4B45C8C1C214ED800D7FBC3 /* Main.storyboard */,
				F4B45C8F1C214ED900D7FBC3 /* Assets.xcassets */,
				F4B45C911C214ED900D7FBC3 /* LaunchScreen.storyboard */,
				F4B45C941C214ED900D7FBC3 /* Info.plist */,
			);
			path = ClassEx;
			sourceTree = "<group>";
		};
		F4B45C9C1C214ED900D7FBC3 /* ClassExTests */ = {
			isa = PBXGroup;
			children = (
				F4B45C9D1C214ED900D7FBC3 /* ClassExTests.swift */,
				F4B45C9F1C214ED900D7FBC3 /* Info.plist */,
			);
			path = ClassExTests;
			sourceTree = "<group>";
		};
		F4B45CA71C214ED900D7FBC3 /* ClassExUITests */ = {
			isa = PBXGroup;
			children = (
				F4B45CA81C214ED900D7FBC3 /* ClassExUITests.swift */,
				F4B45CAA1C214ED900D7FBC3 /* Info.plist */,
			);
			path = ClassExUITests;
			sourceTree = "<group>";
		};
/* End PBXGroup section */

/* Begin PBXNativeTarget section */
		F4B45C841C214ED800D7FBC3 /* ClassEx */ = {
			isa = PBXNativeTarget;
			buildConfigurationList = F4B45CAD1C214ED900D7FBC3 /* Build configuration list for PBXNativeTarget "ClassEx" */;
			buildPhases = (
				F4B45C811C214ED800D7FBC3 /* Sources */,
				F4B45C821C214ED800D7FBC3 /* Frameworks */,
				F4B45C831C214ED800D7FBC3 /* Resources */,
			);
			buildRules = (
			);
			dependencies = (
			);
			name = ClassEx;
			productName = ClassEx;
			productReference = F4B45C851C214ED800D7FBC3 /* ClassEx.app */;
			productType = "com.apple.product-type.application";
		};
		F4B45C981C214ED900D7FBC3 /* ClassExTests */ = {
			isa = PBXNativeTarget;
			buildConfigurationList = F4B45CB01C214ED900D7FBC3 /* Build configuration list for PBXNativeTarget "ClassExTests" */;
			buildPhases = (
				F4B45C951C214ED900D7FBC3 /* Sources */,
				F4B45C961C214ED900D7FBC3 /* Frameworks */,
				F4B45C971C214ED900D7FBC3 /* Resources */,
			);
			buildRules = (
			);
			dependencies = (
				F4B45C9B1C214ED900D7FBC3 /* PBXTargetDependency */,
			);
			name = ClassExTests;
			productName = ClassExTests;
			productReference = F4B45C991C214ED900D7FBC3 /* ClassExTests.xctest */;
			productType = "com.apple.product-type.bundle.unit-test";
		};
		F4B45CA31C214ED900D7FBC3 /* ClassExUITests */ = {
			isa = PBXNativeTarget;
			buildConfigurationList = F4B45CB31C214ED900D7FBC3 /* Build configuration list for PBXNativeTarget "ClassExUITests" */;
			buildPhases = (
				F4B45CA01C214ED900D7FBC3 /* Sources */,
				F4B45CA11C214ED900D7FBC3 /* Frameworks */,
				F4B45CA21C214ED900D7FBC3 /* Resources */,
			);
			buildRules = (
			);
			dependencies = (
				F4B45CA61C214ED900D7FBC3 /* PBXTargetDependency */,
			);
			name = ClassExUITests;
			productName = ClassExUITests;
			productReference = F4B45CA41C214ED900D7FBC3 /* ClassExUITests.xctest */;
			productType = "com.apple.product-type.bundle.ui-testing";
		};
/* End PBXNativeTarget section */

/* Begin PBXProject section */
		F4B45C7D1C214ED800D7FBC3 /* Project object */ = {
			isa = PBXProject;
			attributes = {
				LastSwiftUpdateCheck = 0720;
				LastUpgradeCheck = 0720;
				ORGANIZATIONNAME = "Masaki Otsubo";
				TargetAttributes = {
					F4B45C841C214ED800D7FBC3 = {
						CreatedOnToolsVersion = 7.2;
						DevelopmentTeam = S22PJ4L5BG;
					};
					F4B45C981C214ED900D7FBC3 = {
						CreatedOnToolsVersion = 7.2;
						DevelopmentTeam = S22PJ4L5BG;
						TestTargetID = F4B45C841C214ED800D7FBC3;
					};
					F4B45CA31C214ED900D7FBC3 = {
						CreatedOnToolsVersion = 7.2;
						DevelopmentTeam = S22PJ4L5BG;
						TestTargetID = F4B45C841C214ED800D7FBC3;
					};
				};
			};
			buildConfigurationList = F4B45C801C214ED800D7FBC3 /* Build configuration list for PBXProject "ClassEx" */;
			compatibilityVersion = "Xcode 3.2";
			developmentRegion = English;
			hasScannedForEncodings = 0;
			knownRegions = (
				en,
				Base,
			);
			mainGroup = F4B45C7C1C214ED800D7FBC3;
			productRefGroup = F4B45C861C214ED800D7FBC3 /* Products */;
			projectDirPath = "";
			projectRoot = "";
			targets = (
				F4B45C841C214ED800D7FBC3 /* ClassEx */,
				F4B45C981C214ED900D7FBC3 /* ClassExTests */,
				F4B45CA31C214ED900D7FBC3 /* ClassExUITests */,
			);
		};
/* End PBXProject section */

/* Begin PBXResourcesBuildPhase section */
		F4B45C831C214ED800D7FBC3 /* Resources */ = {
			isa = PBXResourcesBuildPhase;
			buildActionMask = 2147483647;
			files = (
				F4B45C931C214ED900D7FBC3 /* LaunchScreen.storyboard in Resources */,
				F4B45C901C214ED900D7FBC3 /* Assets.xcassets in Resources */,
				F4B45C8E1C214ED800D7FBC3 /* Main.storyboard in Resources */,
			);
			runOnlyForDeploymentPostprocessing = 0;
		};
		F4B45C971C214ED900D7FBC3 /* Resources */ = {
			isa = PBXResourcesBuildPhase;
			buildActionMask = 2147483647;
			files = (
			);
			runOnlyForDeploymentPostprocessing = 0;
		};
		F4B45CA21C214ED900D7FBC3 /* Resources */ = {
			isa = PBXResourcesBuildPhase;
			buildActionMask = 2147483647;
			files = (
			);
			runOnlyForDeploymentPostprocessing = 0;
		};
/* End PBXResourcesBuildPhase section */

/* Begin PBXSourcesBuildPhase section */
		F4B45C811C214ED800D7FBC3 /* Sources */ = {
			isa = PBXSourcesBuildPhase;
			buildActionMask = 2147483647;
			files = (
				F4B45C8B1C214ED800D7FBC3 /* ViewController.swift in Sources */,
				F4B45C891C214ED800D7FBC3 /* AppDelegate.swift in Sources */,
			);
			runOnlyForDeploymentPostprocessing = 0;
		};
		F4B45C951C214ED900D7FBC3 /* Sources */ = {
			isa = PBXSourcesBuildPhase;
			buildActionMask = 2147483647;
			files = (
				F4B45C9E1C214ED900D7FBC3 /* ClassExTests.swift in Sources */,
			);
			runOnlyForDeploymentPostprocessing = 0;
		};
		F4B45CA01C214ED900D7FBC3 /* Sources */ = {
			isa = PBXSourcesBuildPhase;
			buildActionMask = 2147483647;
			files = (
				F4B45CA91C214ED900D7FBC3 /* ClassExUITests.swift in Sources */,
			);
			runOnlyForDeploymentPostprocessing = 0;
		};
/* End PBXSourcesBuildPhase section */

/* Begin PBXTargetDependency section */
		F4B45C9B1C214ED900D7FBC3 /* PBXTargetDependency */ = {
			isa = PBXTargetDependency;
			target = F4B45C841C214ED800D7FBC3 /* ClassEx */;
			targetProxy = F4B45C9A1C214ED900D7FBC3 /* PBXContainerItemProxy */;
		};
		F4B45CA61C214ED900D7FBC3 /* PBXTargetDependency */ = {
			isa = PBXTargetDependency;
			target = F4B45C841C214ED800D7FBC3 /* ClassEx */;
			targetProxy = F4B45CA51C214ED900D7FBC3 /* PBXContainerItemProxy */;
		};
/* End PBXTargetDependency section */

/* Begin PBXVariantGroup section */
		F4B45C8C1C214ED800D7FBC3 /* Main.storyboard */ = {
			isa = PBXVariantGroup;
			children = (
				F4B45C8D1C214ED800D7FBC3 /* Base */,
			);
			name = Main.storyboard;
			sourceTree = "<group>";
		};
		F4B45C911C214ED900D7FBC3 /* LaunchScreen.storyboard */ = {
			isa = PBXVariantGroup;
			children = (
				F4B45C921C214ED900D7FBC3 /* Base */,
			);
			name = LaunchScreen.storyboard;
			sourceTree = "<group>";
		};
/* End PBXVariantGroup section */

/* Begin XCBuildConfiguration section */
		F4B45CAB1C214ED900D7FBC3 /* Debug */ = {
			isa = XCBuildConfiguration;
			buildSettings = {
				ALWAYS_SEARCH_USER_PATHS = NO;
				CLANG_CXX_LANGUAGE_STANDARD = "gnu++0x";
				CLANG_CXX_LIBRARY = "libc++";
				CLANG_ENABLE_MODULES = YES;
				CLANG_ENABLE_OBJC_ARC = YES;
				CLANG_WARN_BOOL_CONVERSION = YES;
				CLANG_WARN_CONSTANT_CONVERSION = YES;
				CLANG_WARN_DIRECT_OBJC_ISA_USAGE = YES_ERROR;
				CLANG_WARN_EMPTY_BODY = YES;
				CLANG_WARN_ENUM_CONVERSION = YES;
				CLANG_WARN_INT_CONVERSION = YES;
				CLANG_WARN_OBJC_ROOT_CLASS = YES_ERROR;
				CLANG_WARN_UNREACHABLE_CODE = YES;
				CLANG_WARN__DUPLICATE_METHOD_MATCH = YES;
				"CODE_SIGN_IDENTITY[sdk=iphoneos*]" = "iPhone Developer";
				COPY_PHASE_STRIP = NO;
				DEBUG_INFORMATION_FORMAT = dwarf;
				ENABLE_STRICT_OBJC_MSGSEND = YES;
				ENABLE_TESTABILITY = YES;
				GCC_C_LANGUAGE_STANDARD = gnu99;
				GCC_DYNAMIC_NO_PIC = NO;
				GCC_NO_COMMON_BLOCKS = YES;
				GCC_OPTIMIZATION_LEVEL = 0;
				GCC_PREPROCESSOR_DEFINITIONS = (
					"DEBUG=1",
					"$(inherited)",
				);
				GCC_WARN_64_TO_32_BIT_CONVERSION = YES;
				GCC_WARN_ABOUT_RETURN_TYPE = YES_ERROR;
				GCC_WARN_UNDECLARED_SELECTOR = YES;
				GCC_WARN_UNINITIALIZED_AUTOS = YES_AGGRESSIVE;
				GCC_WARN_UNUSED_FUNCTION = YES;
				GCC_WARN_UNUSED_VARIABLE = YES;
				IPHONEOS_DEPLOYMENT_TARGET = 9.2;
				MTL_ENABLE_DEBUG_INFO = YES;
				ONLY_ACTIVE_ARCH = YES;
				SDKROOT = iphoneos;
				SWIFT_OPTIMIZATION_LEVEL = "-Onone";
			};
			name = Debug;
		};
		F4B45CAC1C214ED900D7FBC3 /* Release */ = {
			isa = XCBuildConfiguration;
			buildSettings = {
				ALWAYS_SEARCH_USER_PATHS = NO;
				CLANG_CXX_LANGUAGE_STANDARD = "gnu++0x";
				CLANG_CXX_LIBRARY = "libc++";
				CLANG_ENABLE_MODULES = YES;
				CLANG_ENABLE_OBJC_ARC = YES;
				CLANG_WARN_BOOL_CONVERSION = YES;
				CLANG_WARN_CONSTANT_CONVERSION = YES;
				CLANG_WARN_DIRECT_OBJC_ISA_USAGE = YES_ERROR;
				CLANG_WARN_EMPTY_BODY = YES;
				CLANG_WARN_ENUM_CONVERSION = YES;
				CLANG_WARN_INT_CONVERSION = YES;
				CLANG_WARN_OBJC_ROOT_CLASS = YES_ERROR;
				CLANG_WARN_UNREACHABLE_CODE = YES;
				CLANG_WARN__DUPLICATE_METHOD_MATCH = YES;
				"CODE_SIGN_IDENTITY[sdk=iphoneos*]" = "iPhone Developer";
				COPY_PHASE_STRIP = NO;
				DEBUG_INFORMATION_FORMAT = "dwarf-with-dsym";
				ENABLE_NS_ASSERTIONS = NO;
				ENABLE_STRICT_OBJC_MSGSEND = YES;
				GCC_C_LANGUAGE_STANDARD = gnu99;
				GCC_NO_COMMON_BLOCKS = YES;
				GCC_WARN_64_TO_32_BIT_CONVERSION = YES;
				GCC_WARN_ABOUT_RETURN_TYPE = YES_ERROR;
				GCC_WARN_UNDECLARED_SELECTOR = YES;
				GCC_WARN_UNINITIALIZED_AUTOS = YES_AGGRESSIVE;
				GCC_WARN_UNUSED_FUNCTION = YES;
				GCC_WARN_UNUSED_VARIABLE = YES;
				IPHONEOS_DEPLOYMENT_TARGET = 9.2;
				MTL_ENABLE_DEBUG_INFO = NO;
				SDKROOT = iphoneos;
				VALIDATE_PRODUCT = YES;
			};
			name = Release;
		};
		F4B45CAE1C214ED900D7FBC3 /* Debug */ = {
			isa = XCBuildConfiguration;
			buildSettings = {
				ASSETCATALOG_COMPILER_APPICON_NAME = AppIcon;
				INFOPLIST_FILE = ClassEx/Info.plist;
				LD_RUNPATH_SEARCH_PATHS = "$(inherited) @executable_path/Frameworks";
				PRODUCT_BUNDLE_IDENTIFIER = com.tubobobobow.ClassEx;
				PRODUCT_NAME = "$(TARGET_NAME)";
			};
			name = Debug;
		};
		F4B45CAF1C214ED900D7FBC3 /* Release */ = {
			isa = XCBuildConfiguration;
			buildSettings = {
				ASSETCATALOG_COMPILER_APPICON_NAME = AppIcon;
				INFOPLIST_FILE = ClassEx/Info.plist;
				LD_RUNPATH_SEARCH_PATHS = "$(inherited) @executable_path/Frameworks";
				PRODUCT_BUNDLE_IDENTIFIER = com.tubobobobow.ClassEx;
				PRODUCT_NAME = "$(TARGET_NAME)";
			};
			name = Release;
		};
		F4B45CB11C214ED900D7FBC3 /* Debug */ = {
			isa = XCBuildConfiguration;
			buildSettings = {
				BUNDLE_LOADER = "$(TEST_HOST)";
				INFOPLIST_FILE = ClassExTests/Info.plist;
				LD_RUNPATH_SEARCH_PATHS = "$(inherited) @executable_path/Frameworks @loader_path/Frameworks";
				PRODUCT_BUNDLE_IDENTIFIER = com.tubobobobow.ClassExTests;
				PRODUCT_NAME = "$(TARGET_NAME)";
				TEST_HOST = "$(BUILT_PRODUCTS_DIR)/ClassEx.app/ClassEx";
			};
			name = Debug;
		};
		F4B45CB21C214ED900D7FBC3 /* Release */ = {
			isa = XCBuildConfiguration;
			buildSettings = {
				BUNDLE_LOADER = "$(TEST_HOST)";
				INFOPLIST_FILE = ClassExTests/Info.plist;
				LD_RUNPATH_SEARCH_PATHS = "$(inherited) @executable_path/Frameworks @loader_path/Frameworks";
				PRODUCT_BUNDLE_IDENTIFIER = com.tubobobobow.ClassExTests;
				PRODUCT_NAME = "$(TARGET_NAME)";
				TEST_HOST = "$(BUILT_PRODUCTS_DIR)/ClassEx.app/ClassEx";
			};
			name = Release;
		};
		F4B45CB41C214ED900D7FBC3 /* Debug */ = {
			isa = XCBuildConfiguration;
			buildSettings = {
				INFOPLIST_FILE = ClassExUITests/Info.plist;
				LD_RUNPATH_SEARCH_PATHS = "$(inherited) @executable_path/Frameworks @loader_path/Frameworks";
				PRODUCT_BUNDLE_IDENTIFIER = com.tubobobobow.ClassExUITests;
				PRODUCT_NAME = "$(TARGET_NAME)";
				TEST_TARGET_NAME = ClassEx;
				USES_XCTRUNNER = YES;
			};
			name = Debug;
		};
		F4B45CB51C214ED900D7FBC3 /* Release */ = {
			isa = XCBuildConfiguration;
			buildSettings = {
				INFOPLIST_FILE = ClassExUITests/Info.plist;
				LD_RUNPATH_SEARCH_PATHS = "$(inherited) @executable_path/Frameworks @loader_path/Frameworks";
				PRODUCT_BUNDLE_IDENTIFIER = com.tubobobobow.ClassExUITests;
				PRODUCT_NAME = "$(TARGET_NAME)";
				TEST_TARGET_NAME = ClassEx;
				USES_XCTRUNNER = YES;
			};
			name = Release;
		};
/* End XCBuildConfiguration section */

/* Begin XCConfigurationList section */
		F4B45C801C214ED800D7FBC3 /* Build configuration list for PBXProject "ClassEx" */ = {
			isa = XCConfigurationList;
			buildConfigurations = (
				F4B45CAB1C214ED900D7FBC3 /* Debug */,
				F4B45CAC1C214ED900D7FBC3 /* Release */,
			);
			defaultConfigurationIsVisible = 0;
			defaultConfigurationName = Release;
		};
		F4B45CAD1C214ED900D7FBC3 /* Build configuration list for PBXNativeTarget "ClassEx" */ = {
			isa = XCConfigurationList;
			buildConfigurations = (
				F4B45CAE1C214ED900D7FBC3 /* Debug */,
				F4B45CAF1C214ED900D7FBC3 /* Release */,
			);
			defaultConfigurationIsVisible = 0;
		};
		F4B45CB01C214ED900D7FBC3 /* Build configuration list for PBXNativeTarget "ClassExTests" */ = {
			isa = XCConfigurationList;
			buildConfigurations = (
				F4B45CB11C214ED900D7FBC3 /* Debug */,
				F4B45CB21C214ED900D7FBC3 /* Release */,
			);
			defaultConfigurationIsVisible = 0;
		};
		F4B45CB31C214ED900D7FBC3 /* Build configuration list for PBXNativeTarget "ClassExUITests" */ = {
			isa = XCConfigurationList;
			buildConfigurations = (
				F4B45CB41C214ED900D7FBC3 /* Debug */,
				F4B45CB51C214ED900D7FBC3 /* Release */,
			);
			defaultConfigurationIsVisible = 0;
		};
/* End XCConfigurationList section */
	};
	rootObject = F4B45C7D1C214ED800D7FBC3 /* Project object */;
}
