// !$*UTF8*$!
{
	archiveVersion = 1;
	classes = {
	};
	objectVersion = 46;
	objects = {

/* Begin PBXBuildFile section */
		F483A7B91C1209AD008CC145 /* AppDelegate.swift in Sources */ = {isa = PBXBuildFile; fileRef = F483A7B81C1209AD008CC145 /* AppDelegate.swift */; };
		F483A7BB1C1209AD008CC145 /* ViewController.swift in Sources */ = {isa = PBXBuildFile; fileRef = F483A7BA1C1209AD008CC145 /* ViewController.swift */; };
		F483A7BE1C1209AE008CC145 /* Main.storyboard in Resources */ = {isa = PBXBuildFile; fileRef = F483A7BC1C1209AE008CC145 /* Main.storyboard */; };
		F483A7C01C1209AE008CC145 /* Assets.xcassets in Resources */ = {isa = PBXBuildFile; fileRef = F483A7BF1C1209AE008CC145 /* Assets.xcassets */; };
		F483A7C31C1209AE008CC145 /* LaunchScreen.storyboard in Resources */ = {isa = PBXBuildFile; fileRef = F483A7C11C1209AE008CC145 /* LaunchScreen.storyboard */; };
		F483A7CE1C1209AE008CC145 /* HelloWorldTests.swift in Sources */ = {isa = PBXBuildFile; fileRef = F483A7CD1C1209AE008CC145 /* HelloWorldTests.swift */; };
		F483A7D91C1209AE008CC145 /* HelloWorldUITests.swift in Sources */ = {isa = PBXBuildFile; fileRef = F483A7D81C1209AE008CC145 /* HelloWorldUITests.swift */; };
		F483A7E71C120A21008CC145 /* HelloWorld.swift in Sources */ = {isa = PBXBuildFile; fileRef = F483A7E61C120A21008CC145 /* HelloWorld.swift */; };
/* End PBXBuildFile section */

/* Begin PBXContainerItemProxy section */
		F483A7CA1C1209AE008CC145 /* PBXContainerItemProxy */ = {
			isa = PBXContainerItemProxy;
			containerPortal = F483A7AD1C1209AD008CC145 /* Project object */;
			proxyType = 1;
			remoteGlobalIDString = F483A7B41C1209AD008CC145;
			remoteInfo = HelloWorld;
		};
		F483A7D51C1209AE008CC145 /* PBXContainerItemProxy */ = {
			isa = PBXContainerItemProxy;
			containerPortal = F483A7AD1C1209AD008CC145 /* Project object */;
			proxyType = 1;
			remoteGlobalIDString = F483A7B41C1209AD008CC145;
			remoteInfo = HelloWorld;
		};
/* End PBXContainerItemProxy section */

/* Begin PBXFileReference section */
		F483A7B51C1209AD008CC145 /* HelloWorld.app */ = {isa = PBXFileReference; explicitFileType = wrapper.application; includeInIndex = 0; path = HelloWorld.app; sourceTree = BUILT_PRODUCTS_DIR; };
		F483A7B81C1209AD008CC145 /* AppDelegate.swift */ = {isa = PBXFileReference; lastKnownFileType = sourcecode.swift; path = AppDelegate.swift; sourceTree = "<group>"; };
		F483A7BA1C1209AD008CC145 /* ViewController.swift */ = {isa = PBXFileReference; lastKnownFileType = sourcecode.swift; path = ViewController.swift; sourceTree = "<group>"; };
		F483A7BD1C1209AE008CC145 /* Base */ = {isa = PBXFileReference; lastKnownFileType = file.storyboard; name = Base; path = Base.lproj/Main.storyboard; sourceTree = "<group>"; };
		F483A7BF1C1209AE008CC145 /* Assets.xcassets */ = {isa = PBXFileReference; lastKnownFileType = folder.assetcatalog; path = Assets.xcassets; sourceTree = "<group>"; };
		F483A7C21C1209AE008CC145 /* Base */ = {isa = PBXFileReference; lastKnownFileType = file.storyboard; name = Base; path = Base.lproj/LaunchScreen.storyboard; sourceTree = "<group>"; };
		F483A7C41C1209AE008CC145 /* Info.plist */ = {isa = PBXFileReference; lastKnownFileType = text.plist.xml; path = Info.plist; sourceTree = "<group>"; };
		F483A7C91C1209AE008CC145 /* HelloWorldTests.xctest */ = {isa = PBXFileReference; explicitFileType = wrapper.cfbundle; includeInIndex = 0; path = HelloWorldTests.xctest; sourceTree = BUILT_PRODUCTS_DIR; };
		F483A7CD1C1209AE008CC145 /* HelloWorldTests.swift */ = {isa = PBXFileReference; lastKnownFileType = sourcecode.swift; path = HelloWorldTests.swift; sourceTree = "<group>"; };
		F483A7CF1C1209AE008CC145 /* Info.plist */ = {isa = PBXFileReference; lastKnownFileType = text.plist.xml; path = Info.plist; sourceTree = "<group>"; };
		F483A7D41C1209AE008CC145 /* HelloWorldUITests.xctest */ = {isa = PBXFileReference; explicitFileType = wrapper.cfbundle; includeInIndex = 0; path = HelloWorldUITests.xctest; sourceTree = BUILT_PRODUCTS_DIR; };
		F483A7D81C1209AE008CC145 /* HelloWorldUITests.swift */ = {isa = PBXFileReference; lastKnownFileType = sourcecode.swift; path = HelloWorldUITests.swift; sourceTree = "<group>"; };
		F483A7DA1C1209AE008CC145 /* Info.plist */ = {isa = PBXFileReference; lastKnownFileType = text.plist.xml; path = Info.plist; sourceTree = "<group>"; };
		F483A7E61C120A21008CC145 /* HelloWorld.swift */ = {isa = PBXFileReference; fileEncoding = 4; lastKnownFileType = sourcecode.swift; path = HelloWorld.swift; sourceTree = "<group>"; };
/* End PBXFileReference section */

/* Begin PBXFrameworksBuildPhase section */
		F483A7B21C1209AD008CC145 /* Frameworks */ = {
			isa = PBXFrameworksBuildPhase;
			buildActionMask = 2147483647;
			files = (
			);
			runOnlyForDeploymentPostprocessing = 0;
		};
		F483A7C61C1209AE008CC145 /* Frameworks */ = {
			isa = PBXFrameworksBuildPhase;
			buildActionMask = 2147483647;
			files = (
			);
			runOnlyForDeploymentPostprocessing = 0;
		};
		F483A7D11C1209AE008CC145 /* Frameworks */ = {
			isa = PBXFrameworksBuildPhase;
			buildActionMask = 2147483647;
			files = (
			);
			runOnlyForDeploymentPostprocessing = 0;
		};
/* End PBXFrameworksBuildPhase section */

/* Begin PBXGroup section */
		F483A7AC1C1209AD008CC145 = {
			isa = PBXGroup;
			children = (
				F483A7B71C1209AD008CC145 /* HelloWorld */,
				F483A7CC1C1209AE008CC145 /* HelloWorldTests */,
				F483A7D71C1209AE008CC145 /* HelloWorldUITests */,
				F483A7B61C1209AD008CC145 /* Products */,
			);
			sourceTree = "<group>";
		};
		F483A7B61C1209AD008CC145 /* Products */ = {
			isa = PBXGroup;
			children = (
				F483A7B51C1209AD008CC145 /* HelloWorld.app */,
				F483A7C91C1209AE008CC145 /* HelloWorldTests.xctest */,
				F483A7D41C1209AE008CC145 /* HelloWorldUITests.xctest */,
			);
			name = Products;
			sourceTree = "<group>";
		};
		F483A7B71C1209AD008CC145 /* HelloWorld */ = {
			isa = PBXGroup;
			children = (
				F483A7B81C1209AD008CC145 /* AppDelegate.swift */,
				F483A7BA1C1209AD008CC145 /* ViewController.swift */,
				F483A7BC1C1209AE008CC145 /* Main.storyboard */,
				F483A7BF1C1209AE008CC145 /* Assets.xcassets */,
				F483A7C11C1209AE008CC145 /* LaunchScreen.storyboard */,
				F483A7C41C1209AE008CC145 /* Info.plist */,
				F483A7E61C120A21008CC145 /* HelloWorld.swift */,
			);
			path = HelloWorld;
			sourceTree = "<group>";
		};
		F483A7CC1C1209AE008CC145 /* HelloWorldTests */ = {
			isa = PBXGroup;
			children = (
				F483A7CD1C1209AE008CC145 /* HelloWorldTests.swift */,
				F483A7CF1C1209AE008CC145 /* Info.plist */,
			);
			path = HelloWorldTests;
			sourceTree = "<group>";
		};
		F483A7D71C1209AE008CC145 /* HelloWorldUITests */ = {
			isa = PBXGroup;
			children = (
				F483A7D81C1209AE008CC145 /* HelloWorldUITests.swift */,
				F483A7DA1C1209AE008CC145 /* Info.plist */,
			);
			path = HelloWorldUITests;
			sourceTree = "<group>";
		};
/* End PBXGroup section */

/* Begin PBXNativeTarget section */
		F483A7B41C1209AD008CC145 /* HelloWorld */ = {
			isa = PBXNativeTarget;
			buildConfigurationList = F483A7DD1C1209AE008CC145 /* Build configuration list for PBXNativeTarget "HelloWorld" */;
			buildPhases = (
				F483A7B11C1209AD008CC145 /* Sources */,
				F483A7B21C1209AD008CC145 /* Frameworks */,
				F483A7B31C1209AD008CC145 /* Resources */,
			);
			buildRules = (
			);
			dependencies = (
			);
			name = HelloWorld;
			productName = HelloWorld;
			productReference = F483A7B51C1209AD008CC145 /* HelloWorld.app */;
			productType = "com.apple.product-type.application";
		};
		F483A7C81C1209AE008CC145 /* HelloWorldTests */ = {
			isa = PBXNativeTarget;
			buildConfigurationList = F483A7E01C1209AE008CC145 /* Build configuration list for PBXNativeTarget "HelloWorldTests" */;
			buildPhases = (
				F483A7C51C1209AE008CC145 /* Sources */,
				F483A7C61C1209AE008CC145 /* Frameworks */,
				F483A7C71C1209AE008CC145 /* Resources */,
			);
			buildRules = (
			);
			dependencies = (
				F483A7CB1C1209AE008CC145 /* PBXTargetDependency */,
			);
			name = HelloWorldTests;
			productName = HelloWorldTests;
			productReference = F483A7C91C1209AE008CC145 /* HelloWorldTests.xctest */;
			productType = "com.apple.product-type.bundle.unit-test";
		};
		F483A7D31C1209AE008CC145 /* HelloWorldUITests */ = {
			isa = PBXNativeTarget;
			buildConfigurationList = F483A7E31C1209AE008CC145 /* Build configuration list for PBXNativeTarget "HelloWorldUITests" */;
			buildPhases = (
				F483A7D01C1209AE008CC145 /* Sources */,
				F483A7D11C1209AE008CC145 /* Frameworks */,
				F483A7D21C1209AE008CC145 /* Resources */,
			);
			buildRules = (
			);
			dependencies = (
				F483A7D61C1209AE008CC145 /* PBXTargetDependency */,
			);
			name = HelloWorldUITests;
			productName = HelloWorldUITests;
			productReference = F483A7D41C1209AE008CC145 /* HelloWorldUITests.xctest */;
			productType = "com.apple.product-type.bundle.ui-testing";
		};
/* End PBXNativeTarget section */

/* Begin PBXProject section */
		F483A7AD1C1209AD008CC145 /* Project object */ = {
			isa = PBXProject;
			attributes = {
				LastSwiftUpdateCheck = 0710;
				LastUpgradeCheck = 0710;
				ORGANIZATIONNAME = "Masaki Otsubo";
				TargetAttributes = {
					F483A7B41C1209AD008CC145 = {
						CreatedOnToolsVersion = 7.1.1;
						DevelopmentTeam = S22PJ4L5BG;
					};
					F483A7C81C1209AE008CC145 = {
						CreatedOnToolsVersion = 7.1.1;
						DevelopmentTeam = S22PJ4L5BG;
						TestTargetID = F483A7B41C1209AD008CC145;
					};
					F483A7D31C1209AE008CC145 = {
						CreatedOnToolsVersion = 7.1.1;
						DevelopmentTeam = S22PJ4L5BG;
						TestTargetID = F483A7B41C1209AD008CC145;
					};
				};
			};
			buildConfigurationList = F483A7B01C1209AD008CC145 /* Build configuration list for PBXProject "HelloWorld" */;
			compatibilityVersion = "Xcode 3.2";
			developmentRegion = English;
			hasScannedForEncodings = 0;
			knownRegions = (
				en,
				Base,
			);
			mainGroup = F483A7AC1C1209AD008CC145;
			productRefGroup = F483A7B61C1209AD008CC145 /* Products */;
			projectDirPath = "";
			projectRoot = "";
			targets = (
				F483A7B41C1209AD008CC145 /* HelloWorld */,
				F483A7C81C1209AE008CC145 /* HelloWorldTests */,
				F483A7D31C1209AE008CC145 /* HelloWorldUITests */,
			);
		};
/* End PBXProject section */

/* Begin PBXResourcesBuildPhase section */
		F483A7B31C1209AD008CC145 /* Resources */ = {
			isa = PBXResourcesBuildPhase;
			buildActionMask = 2147483647;
			files = (
				F483A7C31C1209AE008CC145 /* LaunchScreen.storyboard in Resources */,
				F483A7C01C1209AE008CC145 /* Assets.xcassets in Resources */,
				F483A7BE1C1209AE008CC145 /* Main.storyboard in Resources */,
			);
			runOnlyForDeploymentPostprocessing = 0;
		};
		F483A7C71C1209AE008CC145 /* Resources */ = {
			isa = PBXResourcesBuildPhase;
			buildActionMask = 2147483647;
			files = (
			);
			runOnlyForDeploymentPostprocessing = 0;
		};
		F483A7D21C1209AE008CC145 /* Resources */ = {
			isa = PBXResourcesBuildPhase;
			buildActionMask = 2147483647;
			files = (
			);
			runOnlyForDeploymentPostprocessing = 0;
		};
/* End PBXResourcesBuildPhase section */

/* Begin PBXSourcesBuildPhase section */
		F483A7B11C1209AD008CC145 /* Sources */ = {
			isa = PBXSourcesBuildPhase;
			buildActionMask = 2147483647;
			files = (
				F483A7BB1C1209AD008CC145 /* ViewController.swift in Sources */,
				F483A7E71C120A21008CC145 /* HelloWorld.swift in Sources */,
				F483A7B91C1209AD008CC145 /* AppDelegate.swift in Sources */,
			);
			runOnlyForDeploymentPostprocessing = 0;
		};
		F483A7C51C1209AE008CC145 /* Sources */ = {
			isa = PBXSourcesBuildPhase;
			buildActionMask = 2147483647;
			files = (
				F483A7CE1C1209AE008CC145 /* HelloWorldTests.swift in Sources */,
			);
			runOnlyForDeploymentPostprocessing = 0;
		};
		F483A7D01C1209AE008CC145 /* Sources */ = {
			isa = PBXSourcesBuildPhase;
			buildActionMask = 2147483647;
			files = (
				F483A7D91C1209AE008CC145 /* HelloWorldUITests.swift in Sources */,
			);
			runOnlyForDeploymentPostprocessing = 0;
		};
/* End PBXSourcesBuildPhase section */

/* Begin PBXTargetDependency section */
		F483A7CB1C1209AE008CC145 /* PBXTargetDependency */ = {
			isa = PBXTargetDependency;
			target = F483A7B41C1209AD008CC145 /* HelloWorld */;
			targetProxy = F483A7CA1C1209AE008CC145 /* PBXContainerItemProxy */;
		};
		F483A7D61C1209AE008CC145 /* PBXTargetDependency */ = {
			isa = PBXTargetDependency;
			target = F483A7B41C1209AD008CC145 /* HelloWorld */;
			targetProxy = F483A7D51C1209AE008CC145 /* PBXContainerItemProxy */;
		};
/* End PBXTargetDependency section */

/* Begin PBXVariantGroup section */
		F483A7BC1C1209AE008CC145 /* Main.storyboard */ = {
			isa = PBXVariantGroup;
			children = (
				F483A7BD1C1209AE008CC145 /* Base */,
			);
			name = Main.storyboard;
			sourceTree = "<group>";
		};
		F483A7C11C1209AE008CC145 /* LaunchScreen.storyboard */ = {
			isa = PBXVariantGroup;
			children = (
				F483A7C21C1209AE008CC145 /* Base */,
			);
			name = LaunchScreen.storyboard;
			sourceTree = "<group>";
		};
/* End PBXVariantGroup section */

/* Begin XCBuildConfiguration section */
		F483A7DB1C1209AE008CC145 /* Debug */ = {
			isa = XCBuildConfiguration;
			buildSettings = {
				ALWAYS_SEARCH_USER_PATHS = NO;
				CLANG_CXX_LANGUAGE_STANDARD = "gnu++0x";
				CLANG_CXX_LIBRARY = "libc++";
				CLANG_ENABLE_MODULES = YES;
				CLANG_ENABLE_OBJC_ARC = YES;
				CLANG_WARN_BOOL_CONVERSION = YES;
				CLANG_WARN_CONSTANT_CONVERSION = YES;
				CLANG_WARN_DIRECT_OBJC_ISA_USAGE = YES_ERROR;
				CLANG_WARN_EMPTY_BODY = YES;
				CLANG_WARN_ENUM_CONVERSION = YES;
				CLANG_WARN_INT_CONVERSION = YES;
				CLANG_WARN_OBJC_ROOT_CLASS = YES_ERROR;
				CLANG_WARN_UNREACHABLE_CODE = YES;
				CLANG_WARN__DUPLICATE_METHOD_MATCH = YES;
				"CODE_SIGN_IDENTITY[sdk=iphoneos*]" = "iPhone Developer";
				COPY_PHASE_STRIP = NO;
				DEBUG_INFORMATION_FORMAT = dwarf;
				ENABLE_STRICT_OBJC_MSGSEND = YES;
				ENABLE_TESTABILITY = YES;
				GCC_C_LANGUAGE_STANDARD = gnu99;
				GCC_DYNAMIC_NO_PIC = NO;
				GCC_NO_COMMON_BLOCKS = YES;
				GCC_OPTIMIZATION_LEVEL = 0;
				GCC_PREPROCESSOR_DEFINITIONS = (
					"DEBUG=1",
					"$(inherited)",
				);
				GCC_WARN_64_TO_32_BIT_CONVERSION = YES;
				GCC_WARN_ABOUT_RETURN_TYPE = YES_ERROR;
				GCC_WARN_UNDECLARED_SELECTOR = YES;
				GCC_WARN_UNINITIALIZED_AUTOS = YES_AGGRESSIVE;
				GCC_WARN_UNUSED_FUNCTION = YES;
				GCC_WARN_UNUSED_VARIABLE = YES;
				IPHONEOS_DEPLOYMENT_TARGET = 9.1;
				MTL_ENABLE_DEBUG_INFO = YES;
				ONLY_ACTIVE_ARCH = YES;
				SDKROOT = iphoneos;
				SWIFT_OPTIMIZATION_LEVEL = "-Onone";
			};
			name = Debug;
		};
		F483A7DC1C1209AE008CC145 /* Release */ = {
			isa = XCBuildConfiguration;
			buildSettings = {
				ALWAYS_SEARCH_USER_PATHS = NO;
				CLANG_CXX_LANGUAGE_STANDARD = "gnu++0x";
				CLANG_CXX_LIBRARY = "libc++";
				CLANG_ENABLE_MODULES = YES;
				CLANG_ENABLE_OBJC_ARC = YES;
				CLANG_WARN_BOOL_CONVERSION = YES;
				CLANG_WARN_CONSTANT_CONVERSION = YES;
				CLANG_WARN_DIRECT_OBJC_ISA_USAGE = YES_ERROR;
				CLANG_WARN_EMPTY_BODY = YES;
				CLANG_WARN_ENUM_CONVERSION = YES;
				CLANG_WARN_INT_CONVERSION = YES;
				CLANG_WARN_OBJC_ROOT_CLASS = YES_ERROR;
				CLANG_WARN_UNREACHABLE_CODE = YES;
				CLANG_WARN__DUPLICATE_METHOD_MATCH = YES;
				"CODE_SIGN_IDENTITY[sdk=iphoneos*]" = "iPhone Developer";
				COPY_PHASE_STRIP = NO;
				DEBUG_INFORMATION_FORMAT = "dwarf-with-dsym";
				ENABLE_NS_ASSERTIONS = NO;
				ENABLE_STRICT_OBJC_MSGSEND = YES;
				GCC_C_LANGUAGE_STANDARD = gnu99;
				GCC_NO_COMMON_BLOCKS = YES;
				GCC_WARN_64_TO_32_BIT_CONVERSION = YES;
				GCC_WARN_ABOUT_RETURN_TYPE = YES_ERROR;
				GCC_WARN_UNDECLARED_SELECTOR = YES;
				GCC_WARN_UNINITIALIZED_AUTOS = YES_AGGRESSIVE;
				GCC_WARN_UNUSED_FUNCTION = YES;
				GCC_WARN_UNUSED_VARIABLE = YES;
				IPHONEOS_DEPLOYMENT_TARGET = 9.1;
				MTL_ENABLE_DEBUG_INFO = NO;
				SDKROOT = iphoneos;
				VALIDATE_PRODUCT = YES;
			};
			name = Release;
		};
		F483A7DE1C1209AE008CC145 /* Debug */ = {
			isa = XCBuildConfiguration;
			buildSettings = {
				ASSETCATALOG_COMPILER_APPICON_NAME = AppIcon;
				CODE_SIGN_IDENTITY = "iPhone Developer";
				"CODE_SIGN_IDENTITY[sdk=iphoneos*]" = "iPhone Developer";
				INFOPLIST_FILE = HelloWorld/Info.plist;
				LD_RUNPATH_SEARCH_PATHS = "$(inherited) @executable_path/Frameworks";
				PRODUCT_BUNDLE_IDENTIFIER = com.tubobobobow.HelloWorld;
				PRODUCT_NAME = "$(TARGET_NAME)";
				PROVISIONING_PROFILE = "";
			};
			name = Debug;
		};
		F483A7DF1C1209AE008CC145 /* Release */ = {
			isa = XCBuildConfiguration;
			buildSettings = {
				ASSETCATALOG_COMPILER_APPICON_NAME = AppIcon;
				CODE_SIGN_IDENTITY = "iPhone Developer";
				"CODE_SIGN_IDENTITY[sdk=iphoneos*]" = "iPhone Developer";
				INFOPLIST_FILE = HelloWorld/Info.plist;
				LD_RUNPATH_SEARCH_PATHS = "$(inherited) @executable_path/Frameworks";
				PRODUCT_BUNDLE_IDENTIFIER = com.tubobobobow.HelloWorld;
				PRODUCT_NAME = "$(TARGET_NAME)";
				PROVISIONING_PROFILE = "";
			};
			name = Release;
		};
		F483A7E11C1209AE008CC145 /* Debug */ = {
			isa = XCBuildConfiguration;
			buildSettings = {
				BUNDLE_LOADER = "$(TEST_HOST)";
				INFOPLIST_FILE = HelloWorldTests/Info.plist;
				LD_RUNPATH_SEARCH_PATHS = "$(inherited) @executable_path/Frameworks @loader_path/Frameworks";
				PRODUCT_BUNDLE_IDENTIFIER = com.tubobobobow.HelloWorldTests;
				PRODUCT_NAME = "$(TARGET_NAME)";
				TEST_HOST = "$(BUILT_PRODUCTS_DIR)/HelloWorld.app/HelloWorld";
			};
			name = Debug;
		};
		F483A7E21C1209AE008CC145 /* Release */ = {
			isa = XCBuildConfiguration;
			buildSettings = {
				BUNDLE_LOADER = "$(TEST_HOST)";
				INFOPLIST_FILE = HelloWorldTests/Info.plist;
				LD_RUNPATH_SEARCH_PATHS = "$(inherited) @executable_path/Frameworks @loader_path/Frameworks";
				PRODUCT_BUNDLE_IDENTIFIER = com.tubobobobow.HelloWorldTests;
				PRODUCT_NAME = "$(TARGET_NAME)";
				TEST_HOST = "$(BUILT_PRODUCTS_DIR)/HelloWorld.app/HelloWorld";
			};
			name = Release;
		};
		F483A7E41C1209AE008CC145 /* Debug */ = {
			isa = XCBuildConfiguration;
			buildSettings = {
				INFOPLIST_FILE = HelloWorldUITests/Info.plist;
				LD_RUNPATH_SEARCH_PATHS = "$(inherited) @executable_path/Frameworks @loader_path/Frameworks";
				PRODUCT_BUNDLE_IDENTIFIER = com.tubobobobow.HelloWorldUITests;
				PRODUCT_NAME = "$(TARGET_NAME)";
				TEST_TARGET_NAME = HelloWorld;
				USES_XCTRUNNER = YES;
			};
			name = Debug;
		};
		F483A7E51C1209AE008CC145 /* Release */ = {
			isa = XCBuildConfiguration;
			buildSettings = {
				INFOPLIST_FILE = HelloWorldUITests/Info.plist;
				LD_RUNPATH_SEARCH_PATHS = "$(inherited) @executable_path/Frameworks @loader_path/Frameworks";
				PRODUCT_BUNDLE_IDENTIFIER = com.tubobobobow.HelloWorldUITests;
				PRODUCT_NAME = "$(TARGET_NAME)";
				TEST_TARGET_NAME = HelloWorld;
				USES_XCTRUNNER = YES;
			};
			name = Release;
		};
/* End XCBuildConfiguration section */

/* Begin XCConfigurationList section */
		F483A7B01C1209AD008CC145 /* Build configuration list for PBXProject "HelloWorld" */ = {
			isa = XCConfigurationList;
			buildConfigurations = (
				F483A7DB1C1209AE008CC145 /* Debug */,
				F483A7DC1C1209AE008CC145 /* Release */,
			);
			defaultConfigurationIsVisible = 0;
			defaultConfigurationName = Release;
		};
		F483A7DD1C1209AE008CC145 /* Build configuration list for PBXNativeTarget "HelloWorld" */ = {
			isa = XCConfigurationList;
			buildConfigurations = (
				F483A7DE1C1209AE008CC145 /* Debug */,
				F483A7DF1C1209AE008CC145 /* Release */,
			);
			defaultConfigurationIsVisible = 0;
		};
		F483A7E01C1209AE008CC145 /* Build configuration list for PBXNativeTarget "HelloWorldTests" */ = {
			isa = XCConfigurationList;
			buildConfigurations = (
				F483A7E11C1209AE008CC145 /* Debug */,
				F483A7E21C1209AE008CC145 /* Release */,
			);
			defaultConfigurationIsVisible = 0;
		};
		F483A7E31C1209AE008CC145 /* Build configuration list for PBXNativeTarget "HelloWorldUITests" */ = {
			isa = XCConfigurationList;
			buildConfigurations = (
				F483A7E41C1209AE008CC145 /* Debug */,
				F483A7E51C1209AE008CC145 /* Release */,
			);
			defaultConfigurationIsVisible = 0;
		};
/* End XCConfigurationList section */
	};
	rootObject = F483A7AD1C1209AD008CC145 /* Project object */;
}
